{
  "lockfile-version": 0,
  "manifest": {
    "hook": {},
    "install": {
      "go-task": {
        "pkg-path": "go-task"
      },
      "hadolint": {
        "pkg-path": "hadolint"
      },
      "mdbook": {
        "pkg-path": "mdbook"
      },
      "mdbook-d2": {
        "pkg-path": "mdbook-d2"
      },
      "mdl": {
        "pkg-path": "mdl"
      },
      "poetry": {
        "pkg-path": "poetry"
      },
      "pre-commit": {
        "pkg-path": "pre-commit"
      },
      "yamlfmt": {
        "pkg-path": "yamlfmt"
      }
    },
    "options": {
      "systems": [
        "aarch64-darwin"
      ]
    },
    "profile": {},
    "registry": {
      "defaults": {
        "subtrees": null
      },
      "inputs": {
        "nixpkgs": {
          "from": {
            "owner": "NixOS",
            "ref": "release-23.11",
            "repo": "nixpkgs",
            "type": "github"
          },
          "subtrees": [
            "legacyPackages"
          ]
        }
      },
      "priority": [
        "nixpkgs"
      ]
    },
    "vars": {}
  },
  "packages": {
    "aarch64-darwin": {
      "go-task": {
        "attr-path": [
          "legacyPackages",
          "aarch64-darwin",
          "go-task"
        ],
        "info": {
          "broken": false,
          "description": "A task runner / simpler Make alternative written in Go",
          "license": "MIT",
          "pname": "go-task",
          "unfree": false,
          "version": "3.31.0"
        },
        "input": {
          "attrs": {
            "lastModified": 1712735478,
            "narHash": "sha256-EV0bJ+VlG93/4nLYjFy5nvDPP/vB2ZoWYJX2AzI/QHM=",
            "owner": "NixOS",
            "repo": "nixpkgs",
            "rev": "a48721e9b7a55253eb0a4d79b6806e97f11a9c77",
            "type": "github"
          },
          "fingerprint": "ccdc45283fab60b0b21d81dc8228d35b6f60b33b7e4b8fcf616d97e8606b1299",
          "url": "github:NixOS/nixpkgs/a48721e9b7a55253eb0a4d79b6806e97f11a9c77"
        },
        "priority": 5
      },
      "hadolint": {
        "attr-path": [
          "legacyPackages",
          "aarch64-darwin",
          "hadolint"
        ],
        "info": {
          "broken": false,
          "description": "Dockerfile Linter JavaScript API",
          "license": "GPL-3.0-only",
          "pname": "hadolint",
          "unfree": false,
          "version": "2.12.0"
        },
        "input": {
          "attrs": {
            "lastModified": 1712735478,
            "narHash": "sha256-EV0bJ+VlG93/4nLYjFy5nvDPP/vB2ZoWYJX2AzI/QHM=",
            "owner": "NixOS",
            "repo": "nixpkgs",
            "rev": "a48721e9b7a55253eb0a4d79b6806e97f11a9c77",
            "type": "github"
          },
          "fingerprint": "ccdc45283fab60b0b21d81dc8228d35b6f60b33b7e4b8fcf616d97e8606b1299",
          "url": "github:NixOS/nixpkgs/a48721e9b7a55253eb0a4d79b6806e97f11a9c77"
        },
        "priority": 5
      },
      "mdbook": {
        "attr-path": [
          "legacyPackages",
          "aarch64-darwin",
          "mdbook"
        ],
        "info": {
          "broken": false,
          "description": "Create books from MarkDown",
          "license": null,
          "pname": "mdbook",
          "unfree": false,
          "version": "0.4.37"
        },
        "input": {
          "attrs": {
            "lastModified": 1712735478,
            "narHash": "sha256-EV0bJ+VlG93/4nLYjFy5nvDPP/vB2ZoWYJX2AzI/QHM=",
            "owner": "NixOS",
            "repo": "nixpkgs",
            "rev": "a48721e9b7a55253eb0a4d79b6806e97f11a9c77",
            "type": "github"
          },
          "fingerprint": "ccdc45283fab60b0b21d81dc8228d35b6f60b33b7e4b8fcf616d97e8606b1299",
          "url": "github:NixOS/nixpkgs/a48721e9b7a55253eb0a4d79b6806e97f11a9c77"
        },
        "priority": 5
      },
      "mdbook-d2": {
        "attr-path": [
          "legacyPackages",
          "aarch64-darwin",
          "mdbook-d2"
        ],
        "info": {
          "broken": false,
          "description": "D2 diagram generator plugin for MdBook",
          "license": "MIT",
          "pname": "mdbook-d2",
          "unfree": false,
          "version": "unstable-2023-03-30"
        },
        "input": {
          "attrs": {
            "lastModified": 1712735478,
            "narHash": "sha256-EV0bJ+VlG93/4nLYjFy5nvDPP/vB2ZoWYJX2AzI/QHM=",
            "owner": "NixOS",
            "repo": "nixpkgs",
            "rev": "a48721e9b7a55253eb0a4d79b6806e97f11a9c77",
            "type": "github"
          },
          "fingerprint": "ccdc45283fab60b0b21d81dc8228d35b6f60b33b7e4b8fcf616d97e8606b1299",
          "url": "github:NixOS/nixpkgs/a48721e9b7a55253eb0a4d79b6806e97f11a9c77"
        },
        "priority": 5
      },
      "mdl": {
        "attr-path": [
          "legacyPackages",
          "aarch64-darwin",
          "mdl"
        ],
        "info": {
          "broken": false,
          "description": "A tool to check markdown files and flag style issues",
          "license": "MIT",
          "pname": "mdl",
          "unfree": false,
          "version": "0.13.0"
        },
        "input": {
          "attrs": {
            "lastModified": 1712735478,
            "narHash": "sha256-EV0bJ+VlG93/4nLYjFy5nvDPP/vB2ZoWYJX2AzI/QHM=",
            "owner": "NixOS",
            "repo": "nixpkgs",
            "rev": "a48721e9b7a55253eb0a4d79b6806e97f11a9c77",
            "type": "github"
          },
          "fingerprint": "ccdc45283fab60b0b21d81dc8228d35b6f60b33b7e4b8fcf616d97e8606b1299",
          "url": "github:NixOS/nixpkgs/a48721e9b7a55253eb0a4d79b6806e97f11a9c77"
        },
        "priority": 5
      },
      "poetry": {
        "attr-path": [
          "legacyPackages",
          "aarch64-darwin",
          "poetry"
        ],
        "info": {
          "broken": false,
          "description": "Python dependency management and packaging made easy",
          "license": "MIT",
          "pname": "poetry",
          "unfree": false,
          "version": "1.7.1"
        },
        "input": {
          "attrs": {
            "lastModified": 1712735478,
            "narHash": "sha256-EV0bJ+VlG93/4nLYjFy5nvDPP/vB2ZoWYJX2AzI/QHM=",
            "owner": "NixOS",
            "repo": "nixpkgs",
            "rev": "a48721e9b7a55253eb0a4d79b6806e97f11a9c77",
            "type": "github"
          },
          "fingerprint": "ccdc45283fab60b0b21d81dc8228d35b6f60b33b7e4b8fcf616d97e8606b1299",
          "url": "github:NixOS/nixpkgs/a48721e9b7a55253eb0a4d79b6806e97f11a9c77"
        },
        "priority": 5
      },
      "pre-commit": {
        "attr-path": [
          "legacyPackages",
          "aarch64-darwin",
          "pre-commit"
        ],
        "info": {
          "broken": false,
          "description": "A framework for managing and maintaining multi-language pre-commit hooks",
          "license": "MIT",
          "pname": "pre-commit",
          "unfree": false,
          "version": "3.3.3"
        },
        "input": {
          "attrs": {
            "lastModified": 1712735478,
            "narHash": "sha256-EV0bJ+VlG93/4nLYjFy5nvDPP/vB2ZoWYJX2AzI/QHM=",
            "owner": "NixOS",
            "repo": "nixpkgs",
            "rev": "a48721e9b7a55253eb0a4d79b6806e97f11a9c77",
            "type": "github"
          },
          "fingerprint": "ccdc45283fab60b0b21d81dc8228d35b6f60b33b7e4b8fcf616d97e8606b1299",
          "url": "github:NixOS/nixpkgs/a48721e9b7a55253eb0a4d79b6806e97f11a9c77"
        },
        "priority": 5
      },
      "yamlfmt": {
        "attr-path": [
          "legacyPackages",
          "aarch64-darwin",
          "yamlfmt"
        ],
        "info": {
          "broken": false,
          "description": "An extensible command line tool or library to format yaml files.",
          "license": "Apache-2.0",
          "pname": "yamlfmt",
          "unfree": false,
          "version": "0.10.0"
        },
        "input": {
          "attrs": {
            "lastModified": 1712735478,
            "narHash": "sha256-EV0bJ+VlG93/4nLYjFy5nvDPP/vB2ZoWYJX2AzI/QHM=",
            "owner": "NixOS",
            "repo": "nixpkgs",
            "rev": "a48721e9b7a55253eb0a4d79b6806e97f11a9c77",
            "type": "github"
          },
          "fingerprint": "ccdc45283fab60b0b21d81dc8228d35b6f60b33b7e4b8fcf616d97e8606b1299",
          "url": "github:NixOS/nixpkgs/a48721e9b7a55253eb0a4d79b6806e97f11a9c77"
        },
        "priority": 5
      }
    }
  },
  "registry": {
    "defaults": {
      "subtrees": null
    },
    "inputs": {
      "nixpkgs": {
        "from": {
          "lastModified": 1712735478,
          "narHash": "sha256-EV0bJ+VlG93/4nLYjFy5nvDPP/vB2ZoWYJX2AzI/QHM=",
          "owner": "NixOS",
          "repo": "nixpkgs",
          "rev": "a48721e9b7a55253eb0a4d79b6806e97f11a9c77",
          "type": "github"
        },
        "subtrees": [
          "legacyPackages"
        ]
      }
    },
    "priority": [
      "nixpkgs"
    ]
  }
}